
Microsoft Visual Studio Solution File, Format Version 12.00
# Visual Studio 15
Project("{FAE04EC0-301F-11D3-BF4B-00C04F79EFBC}") = "JTracker", "JTracker.csproj", "{B12EEBF8-F5C9-46D4-86BC-FFE83B4B80AA}"
EndProject
Global
	GlobalSection(SolutionConfigurationPlatforms) = preSolution
		Debug|Any CPU = Debug|Any CPU
		Release|Any CPU = Release|Any CPU
	EndGlobalSection
	GlobalSection(ProjectConfigurationPlatforms) = postSolution
		{B12EEBF8-F5C9-46D4-86BC-FFE83B4B80AA}.Debug|Any CPU.ActiveCfg = Debug|Any CPU
		{B12EEBF8-F5C9-46D4-86BC-FFE83B4B80AA}.Debug|Any CPU.Build.0 = Debug|Any CPU
		{B12EEBF8-F5C9-46D4-86BC-FFE83B4B80AA}.Release|Any CPU.ActiveCfg = Release|Any CPU
		{B12EEBF8-F5C9-46D4-86BC-FFE83B4B80AA}.Release|Any CPU.Build.0 = Release|Any CPU
		{323522FD-3A89-410E-9ED2-E223F831F36D}.Debug|Any CPU.ActiveCfg = Debug|Any CPU
		{323522FD-3A89-410E-9ED2-E223F831F36D}.Debug|Any CPU.Build.0 = Debug|Any CPU
		{323522FD-3A89-410E-9ED2-E223F831F36D}.Release|Any CPU.ActiveCfg = Release|Any CPU
		{323522FD-3A89-410E-9ED2-E223F831F36D}.Release|Any CPU.Build.0 = Release|Any CPU
	EndGlobalSection
EndGlobal
